// !$*UTF8*$!
{
	archiveVersion = 1;
	classes = {
	};
	objectVersion = 46;
	objects = {

/* Begin PBXBuildFile section */
		185758031DE6CE2700E8619A /* AppDelegate.swift in Sources */ = {isa = PBXBuildFile; fileRef = 185758021DE6CE2700E8619A /* AppDelegate.swift */; };
		185758051DE6CE2700E8619A /* ViewController.swift in Sources */ = {isa = PBXBuildFile; fileRef = 185758041DE6CE2700E8619A /* ViewController.swift */; };
		185758081DE6CE2700E8619A /* Main.storyboard in Resources */ = {isa = PBXBuildFile; fileRef = 185758061DE6CE2700E8619A /* Main.storyboard */; };
		1857580A1DE6CE2700E8619A /* Assets.xcassets in Resources */ = {isa = PBXBuildFile; fileRef = 185758091DE6CE2700E8619A /* Assets.xcassets */; };
		1857580D1DE6CE2700E8619A /* LaunchScreen.storyboard in Resources */ = {isa = PBXBuildFile; fileRef = 1857580B1DE6CE2700E8619A /* LaunchScreen.storyboard */; };
		185758191DE6CE8B00E8619A /* BubbleView.swift in Sources */ = {isa = PBXBuildFile; fileRef = 185758151DE6CE8B00E8619A /* BubbleView.swift */; };
		1857581A1DE6CE8B00E8619A /* UIColor+HexString.m in Sources */ = {isa = PBXBuildFile; fileRef = 185758171DE6CE8B00E8619A /* UIColor+HexString.m */; };
		1857581B1DE6CE8B00E8619A /* UIView.swift in Sources */ = {isa = PBXBuildFile; fileRef = 185758181DE6CE8B00E8619A /* UIView.swift */; };
		80810FC61DEC59B9005E8DEF /* InnerShadow.swift in Sources */ = {isa = PBXBuildFile; fileRef = 80810FC51DEC59B9005E8DEF /* InnerShadow.swift */; };
		80810FCB1DEC6750005E8DEF /* YIInnerShadowLayer.m in Sources */ = {isa = PBXBuildFile; fileRef = 80810FC81DEC6750005E8DEF /* YIInnerShadowLayer.m */; };
		80810FCC1DEC6750005E8DEF /* YIInnerShadowView.m in Sources */ = {isa = PBXBuildFile; fileRef = 80810FCA1DEC6750005E8DEF /* YIInnerShadowView.m */; };
/* End PBXBuildFile section */

/* Begin PBXFileReference section */
		185757FF1DE6CE2700E8619A /* BubbleView.app */ = {isa = PBXFileReference; explicitFileType = wrapper.application; includeInIndex = 0; path = BubbleView.app; sourceTree = BUILT_PRODUCTS_DIR; };
		185758021DE6CE2700E8619A /* AppDelegate.swift */ = {isa = PBXFileReference; lastKnownFileType = sourcecode.swift; path = AppDelegate.swift; sourceTree = "<group>"; };
		185758041DE6CE2700E8619A /* ViewController.swift */ = {isa = PBXFileReference; lastKnownFileType = sourcecode.swift; path = ViewController.swift; sourceTree = "<group>"; };
		185758071DE6CE2700E8619A /* Base */ = {isa = PBXFileReference; lastKnownFileType = file.storyboard; name = Base; path = Base.lproj/Main.storyboard; sourceTree = "<group>"; };
		185758091DE6CE2700E8619A /* Assets.xcassets */ = {isa = PBXFileReference; lastKnownFileType = folder.assetcatalog; path = Assets.xcassets; sourceTree = "<group>"; };
		1857580C1DE6CE2700E8619A /* Base */ = {isa = PBXFileReference; lastKnownFileType = file.storyboard; name = Base; path = Base.lproj/LaunchScreen.storyboard; sourceTree = "<group>"; };
		1857580E1DE6CE2700E8619A /* Info.plist */ = {isa = PBXFileReference; lastKnownFileType = text.plist.xml; path = Info.plist; sourceTree = "<group>"; };
		185758141DE6CE8A00E8619A /* BubbleView-Bridging-Header.h */ = {isa = PBXFileReference; lastKnownFileType = sourcecode.c.h; path = "BubbleView-Bridging-Header.h"; sourceTree = "<group>"; };
		185758151DE6CE8B00E8619A /* BubbleView.swift */ = {isa = PBXFileReference; fileEncoding = 4; lastKnownFileType = sourcecode.swift; path = BubbleView.swift; sourceTree = "<group>"; };
		185758161DE6CE8B00E8619A /* UIColor+HexString.h */ = {isa = PBXFileReference; fileEncoding = 4; lastKnownFileType = sourcecode.c.h; path = "UIColor+HexString.h"; sourceTree = "<group>"; };
		185758171DE6CE8B00E8619A /* UIColor+HexString.m */ = {isa = PBXFileReference; fileEncoding = 4; lastKnownFileType = sourcecode.c.objc; path = "UIColor+HexString.m"; sourceTree = "<group>"; };
		185758181DE6CE8B00E8619A /* UIView.swift */ = {isa = PBXFileReference; fileEncoding = 4; lastKnownFileType = sourcecode.swift; path = UIView.swift; sourceTree = "<group>"; };
		80810FC51DEC59B9005E8DEF /* InnerShadow.swift */ = {isa = PBXFileReference; fileEncoding = 4; lastKnownFileType = sourcecode.swift; path = InnerShadow.swift; sourceTree = "<group>"; };
		80810FC71DEC6750005E8DEF /* YIInnerShadowLayer.h */ = {isa = PBXFileReference; fileEncoding = 4; lastKnownFileType = sourcecode.c.h; path = YIInnerShadowLayer.h; sourceTree = "<group>"; };
		80810FC81DEC6750005E8DEF /* YIInnerShadowLayer.m */ = {isa = PBXFileReference; fileEncoding = 4; lastKnownFileType = sourcecode.c.objc; path = YIInnerShadowLayer.m; sourceTree = "<group>"; };
		80810FC91DEC6750005E8DEF /* YIInnerShadowView.h */ = {isa = PBXFileReference; fileEncoding = 4; lastKnownFileType = sourcecode.c.h; path = YIInnerShadowView.h; sourceTree = "<group>"; };
		80810FCA1DEC6750005E8DEF /* YIInnerShadowView.m */ = {isa = PBXFileReference; fileEncoding = 4; lastKnownFileType = sourcecode.c.objc; path = YIInnerShadowView.m; sourceTree = "<group>"; };
/* End PBXFileReference section */

/* Begin PBXFrameworksBuildPhase section */
		185757FC1DE6CE2700E8619A /* Frameworks */ = {
			isa = PBXFrameworksBuildPhase;
			buildActionMask = 2147483647;
			files = (
			);
			runOnlyForDeploymentPostprocessing = 0;
		};
/* End PBXFrameworksBuildPhase section */

/* Begin PBXGroup section */
		185757F61DE6CE2700E8619A = {
			isa = PBXGroup;
			children = (
				185758011DE6CE2700E8619A /* BubbleView */,
				185758001DE6CE2700E8619A /* Products */,
			);
			sourceTree = "<group>";
		};
		185758001DE6CE2700E8619A /* Products */ = {
			isa = PBXGroup;
			children = (
				185757FF1DE6CE2700E8619A /* BubbleView.app */,
			);
			name = Products;
			sourceTree = "<group>";
		};
		185758011DE6CE2700E8619A /* BubbleView */ = {
			isa = PBXGroup;
			children = (
				80810FC71DEC6750005E8DEF /* YIInnerShadowLayer.h */,
				80810FC81DEC6750005E8DEF /* YIInnerShadowLayer.m */,
				80810FC91DEC6750005E8DEF /* YIInnerShadowView.h */,
				80810FCA1DEC6750005E8DEF /* YIInnerShadowView.m */,
				185758151DE6CE8B00E8619A /* BubbleView.swift */,
				185758161DE6CE8B00E8619A /* UIColor+HexString.h */,
				185758171DE6CE8B00E8619A /* UIColor+HexString.m */,
				185758181DE6CE8B00E8619A /* UIView.swift */,
				185758021DE6CE2700E8619A /* AppDelegate.swift */,
				185758041DE6CE2700E8619A /* ViewController.swift */,
				185758061DE6CE2700E8619A /* Main.storyboard */,
				185758091DE6CE2700E8619A /* Assets.xcassets */,
				1857580B1DE6CE2700E8619A /* LaunchScreen.storyboard */,
				1857580E1DE6CE2700E8619A /* Info.plist */,
				185758141DE6CE8A00E8619A /* BubbleView-Bridging-Header.h */,
				80810FC51DEC59B9005E8DEF /* InnerShadow.swift */,
			);
			path = BubbleView;
			sourceTree = "<group>";
		};
/* End PBXGroup section */

/* Begin PBXNativeTarget section */
		185757FE1DE6CE2700E8619A /* BubbleView */ = {
			isa = PBXNativeTarget;
			buildConfigurationList = 185758111DE6CE2700E8619A /* Build configuration list for PBXNativeTarget "BubbleView" */;
			buildPhases = (
				185757FB1DE6CE2700E8619A /* Sources */,
				185757FC1DE6CE2700E8619A /* Frameworks */,
				185757FD1DE6CE2700E8619A /* Resources */,
			);
			buildRules = (
			);
			dependencies = (
			);
			name = BubbleView;
			productName = BubbleView;
			productReference = 185757FF1DE6CE2700E8619A /* BubbleView.app */;
			productType = "com.apple.product-type.application";
		};
/* End PBXNativeTarget section */

/* Begin PBXProject section */
		185757F71DE6CE2700E8619A /* Project object */ = {
			isa = PBXProject;
			attributes = {
				LastSwiftUpdateCheck = 0810;
				LastUpgradeCheck = 0810;
				ORGANIZATIONNAME = ujiacity;
				TargetAttributes = {
					185757FE1DE6CE2700E8619A = {
						CreatedOnToolsVersion = 8.1;
						DevelopmentTeam = 6N94H8YMSJ;
						LastSwiftMigration = 0810;
						ProvisioningStyle = Automatic;
					};
				};
			};
			buildConfigurationList = 185757FA1DE6CE2700E8619A /* Build configuration list for PBXProject "BubbleView" */;
			compatibilityVersion = "Xcode 3.2";
			developmentRegion = English;
			hasScannedForEncodings = 0;
			knownRegions = (
				en,
				Base,
			);
			mainGroup = 185757F61DE6CE2700E8619A;
			productRefGroup = 185758001DE6CE2700E8619A /* Products */;
			projectDirPath = "";
			projectRoot = "";
			targets = (
				185757FE1DE6CE2700E8619A /* BubbleView */,
			);
		};
/* End PBXProject section */

/* Begin PBXResourcesBuildPhase section */
		185757FD1DE6CE2700E8619A /* Resources */ = {
			isa = PBXResourcesBuildPhase;
			buildActionMask = 2147483647;
			files = (
				1857580D1DE6CE2700E8619A /* LaunchScreen.storyboard in Resources */,
				1857580A1DE6CE2700E8619A /* Assets.xcassets in Resources */,
				185758081DE6CE2700E8619A /* Main.storyboard in Resources */,
			);
			runOnlyForDeploymentPostprocessing = 0;
		};
/* End PBXResourcesBuildPhase section */

/* Begin PBXSourcesBuildPhase section */
		185757FB1DE6CE2700E8619A /* Sources */ = {
			isa = PBXSourcesBuildPhase;
			buildActionMask = 2147483647;
			files = (
				80810FC61DEC59B9005E8DEF /* InnerShadow.swift in Sources */,
				1857581B1DE6CE8B00E8619A /* UIView.swift in Sources */,
				185758191DE6CE8B00E8619A /* BubbleView.swift in Sources */,
				185758051DE6CE2700E8619A /* ViewController.swift in Sources */,
				80810FCB1DEC6750005E8DEF /* YIInnerShadowLayer.m in Sources */,
				80810FCC1DEC6750005E8DEF /* YIInnerShadowView.m in Sources */,
				1857581A1DE6CE8B00E8619A /* UIColor+HexString.m in Sources */,
				185758031DE6CE2700E8619A /* AppDelegate.swift in Sources */,
			);
			runOnlyForDeploymentPostprocessing = 0;
		};
/* End PBXSourcesBuildPhase section */

/* Begin PBXVariantGroup section */
		185758061DE6CE2700E8619A /* Main.storyboard */ = {
			isa = PBXVariantGroup;
			children = (
				185758071DE6CE2700E8619A /* Base */,
			);
			name = Main.storyboard;
			sourceTree = "<group>";
		};
		1857580B1DE6CE2700E8619A /* LaunchScreen.storyboard */ = {
			isa = PBXVariantGroup;
			children = (
				1857580C1DE6CE2700E8619A /* Base */,
			);
			name = LaunchScreen.storyboard;
			sourceTree = "<group>";
		};
/* End PBXVariantGroup section */

/* Begin XCBuildConfiguration section */
		1857580F1DE6CE2700E8619A /* Debug */ = {
			isa = XCBuildConfiguration;
			buildSettings = {
				ALWAYS_SEARCH_USER_PATHS = NO;
				CLANG_ANALYZER_NONNULL = YES;
				CLANG_CXX_LANGUAGE_STANDARD = "gnu++0x";
				CLANG_CXX_LIBRARY = "libc++";
				CLANG_ENABLE_MODULES = YES;
				CLANG_ENABLE_OBJC_ARC = YES;
				CLANG_WARN_BOOL_CONVERSION = YES;
				CLANG_WARN_CONSTANT_CONVERSION = YES;
				CLANG_WARN_DIRECT_OBJC_ISA_USAGE = YES_ERROR;
				CLANG_WARN_DOCUMENTATION_COMMENTS = YES;
				CLANG_WARN_EMPTY_BODY = YES;
				CLANG_WARN_ENUM_CONVERSION = YES;
				CLANG_WARN_INFINITE_RECURSION = YES;
				CLANG_WARN_INT_CONVERSION = YES;
				CLANG_WARN_OBJC_ROOT_CLASS = YES_ERROR;
				CLANG_WARN_SUSPICIOUS_MOVES = YES;
				CLANG_WARN_UNREACHABLE_CODE = YES;
				CLANG_WARN__DUPLICATE_METHOD_MATCH = YES;
				"CODE_SIGN_IDENTITY[sdk=iphoneos*]" = "iPhone Developer";
				COPY_PHASE_STRIP = NO;
				DEBUG_INFORMATION_FORMAT = dwarf;
				ENABLE_STRICT_OBJC_MSGSEND = YES;
				ENABLE_TESTABILITY = YES;
				GCC_C_LANGUAGE_STANDARD = gnu99;
				GCC_DYNAMIC_NO_PIC = NO;
				GCC_NO_COMMON_BLOCKS = YES;
				GCC_OPTIMIZATION_LEVEL = 0;
				GCC_PREPROCESSOR_DEFINITIONS = (
					"DEBUG=1",
					"$(inherited)",
				);
				GCC_WARN_64_TO_32_BIT_CONVERSION = YES;
				GCC_WARN_ABOUT_RETURN_TYPE = YES_ERROR;
				GCC_WARN_UNDECLARED_SELECTOR = YES;
				GCC_WARN_UNINITIALIZED_AUTOS = YES_AGGRESSIVE;
				GCC_WARN_UNUSED_FUNCTION = YES;
				GCC_WARN_UNUSED_VARIABLE = YES;
				IPHONEOS_DEPLOYMENT_TARGET = 10.1;
				MTL_ENABLE_DEBUG_INFO = YES;
				ONLY_ACTIVE_ARCH = YES;
				SDKROOT = iphoneos;
				SWIFT_ACTIVE_COMPILATION_CONDITIONS = DEBUG;
				SWIFT_OPTIMIZATION_LEVEL = "-Onone";
				TARGETED_DEVICE_FAMILY = "1,2";
			};
			name = Debug;
		};
		185758101DE6CE2700E8619A /* Release */ = {
			isa = XCBuildConfiguration;
			buildSettings = {
				ALWAYS_SEARCH_USER_PATHS = NO;
				CLANG_ANALYZER_NONNULL = YES;
				CLANG_CXX_LANGUAGE_STANDARD = "gnu++0x";
				CLANG_CXX_LIBRARY = "libc++";
				CLANG_ENABLE_MODULES = YES;
				CLANG_ENABLE_OBJC_ARC = YES;
				CLANG_WARN_BOOL_CONVERSION = YES;
				CLANG_WARN_CONSTANT_CONVERSION = YES;
				CLANG_WARN_DIRECT_OBJC_ISA_USAGE = YES_ERROR;
				CLANG_WARN_DOCUMENTATION_COMMENTS = YES;
				CLANG_WARN_EMPTY_BODY = YES;
				CLANG_WARN_ENUM_CONVERSION = YES;
				CLANG_WARN_INFINITE_RECURSION = YES;
				CLANG_WARN_INT_CONVERSION = YES;
				CLANG_WARN_OBJC_ROOT_CLASS = YES_ERROR;
				CLANG_WARN_SUSPICIOUS_MOVES = YES;
				CLANG_WARN_UNREACHABLE_CODE = YES;
				CLANG_WARN__DUPLICATE_METHOD_MATCH = YES;
				"CODE_SIGN_IDENTITY[sdk=iphoneos*]" = "iPhone Developer";
				COPY_PHASE_STRIP = NO;
				DEBUG_INFORMATION_FORMAT = "dwarf-with-dsym";
				ENABLE_NS_ASSERTIONS = NO;
				ENABLE_STRICT_OBJC_MSGSEND = YES;
				GCC_C_LANGUAGE_STANDARD = gnu99;
				GCC_NO_COMMON_BLOCKS = YES;
				GCC_WARN_64_TO_32_BIT_CONVERSION = YES;
				GCC_WARN_ABOUT_RETURN_TYPE = YES_ERROR;
				GCC_WARN_UNDECLARED_SELECTOR = YES;
				GCC_WARN_UNINITIALIZED_AUTOS = YES_AGGRESSIVE;
				GCC_WARN_UNUSED_FUNCTION = YES;
				GCC_WARN_UNUSED_VARIABLE = YES;
				IPHONEOS_DEPLOYMENT_TARGET = 10.1;
				MTL_ENABLE_DEBUG_INFO = NO;
				SDKROOT = iphoneos;
				SWIFT_OPTIMIZATION_LEVEL = "-Owholemodule";
				TARGETED_DEVICE_FAMILY = "1,2";
				VALIDATE_PRODUCT = YES;
			};
			name = Release;
		};
		185758121DE6CE2700E8619A /* Debug */ = {
			isa = XCBuildConfiguration;
			buildSettings = {
				ASSETCATALOG_COMPILER_APPICON_NAME = AppIcon;
				CLANG_ENABLE_MODULES = YES;
				DEVELOPMENT_TEAM = 6N94H8YMSJ;
				INFOPLIST_FILE = BubbleView/Info.plist;
				LD_RUNPATH_SEARCH_PATHS = "$(inherited) @executable_path/Frameworks";
				PRODUCT_BUNDLE_IDENTIFIER = wandiege.BubbleView;
				PRODUCT_NAME = "$(TARGET_NAME)";
				SWIFT_OBJC_BRIDGING_HEADER = "BubbleView/BubbleView-Bridging-Header.h";
				SWIFT_OPTIMIZATION_LEVEL = "-Onone";
				SWIFT_VERSION = 3.0;
			};
			name = Debug;
		};
		185758131DE6CE2700E8619A /* Release */ = {
			isa = XCBuildConfiguration;
			buildSettings = {
				ASSETCATALOG_COMPILER_APPICON_NAME = AppIcon;
				CLANG_ENABLE_MODULES = YES;
				DEVELOPMENT_TEAM = 6N94H8YMSJ;
				INFOPLIST_FILE = BubbleView/Info.plist;
				LD_RUNPATH_SEARCH_PATHS = "$(inherited) @executable_path/Frameworks";
				PRODUCT_BUNDLE_IDENTIFIER = wandiege.BubbleView;
				PRODUCT_NAME = "$(TARGET_NAME)";
				SWIFT_OBJC_BRIDGING_HEADER = "BubbleView/BubbleView-Bridging-Header.h";
				SWIFT_VERSION = 3.0;
			};
			name = Release;
		};
/* End XCBuildConfiguration section */

/* Begin XCConfigurationList section */
		185757FA1DE6CE2700E8619A /* Build configuration list for PBXProject "BubbleView" */ = {
			isa = XCConfigurationList;
			buildConfigurations = (
				1857580F1DE6CE2700E8619A /* Debug */,
				185758101DE6CE2700E8619A /* Release */,
			);
			defaultConfigurationIsVisible = 0;
			defaultConfigurationName = Release;
		};
		185758111DE6CE2700E8619A /* Build configuration list for PBXNativeTarget "BubbleView" */ = {
			isa = XCConfigurationList;
			buildConfigurations = (
				185758121DE6CE2700E8619A /* Debug */,
				185758131DE6CE2700E8619A /* Release */,
			);
			defaultConfigurationIsVisible = 0;
			defaultConfigurationName = Release;
		};
/* End XCConfigurationList section */
	};
	rootObject = 185757F71DE6CE2700E8619A /* Project object */;
}
